// !$*UTF8*$!
{
	archiveVersion = 1;
	classes = {
	};
	objectVersion = 50;
	objects = {

/* Begin PBXBuildFile section */
		A92EE05127AF49E700B7DD59 /* UITextField+Ext.swift in Sources */ = {isa = PBXBuildFile; fileRef = A92EE05027AF49E700B7DD59 /* UITextField+Ext.swift */; };
		A92EE05727AF6CC000B7DD59 /* Prescription.swift in Sources */ = {isa = PBXBuildFile; fileRef = A92EE05627AF6CC000B7DD59 /* Prescription.swift */; };
		A92EE05927AF6DA300B7DD59 /* DBHelper.swift in Sources */ = {isa = PBXBuildFile; fileRef = A92EE05827AF6DA300B7DD59 /* DBHelper.swift */; };
		A92EE05E27AF762600B7DD59 /* CheckPrescriptionsView.swift in Sources */ = {isa = PBXBuildFile; fileRef = A92EE05D27AF762600B7DD59 /* CheckPrescriptionsView.swift */; };
		A92EE06327B010B200B7DD59 /* CheckPrescriptionsViewController.swift in Sources */ = {isa = PBXBuildFile; fileRef = A92EE06227B010B200B7DD59 /* CheckPrescriptionsViewController.swift */; };
		A92EE06527B010E000B7DD59 /* CheckPrescriptionsViewProtocol.swift in Sources */ = {isa = PBXBuildFile; fileRef = A92EE06427B010E000B7DD59 /* CheckPrescriptionsViewProtocol.swift */; };
		A92EE06727B0177800B7DD59 /* CheckPrescriptionsViewControllerProtocol.swift in Sources */ = {isa = PBXBuildFile; fileRef = A92EE06627B0177800B7DD59 /* CheckPrescriptionsViewControllerProtocol.swift */; };
		A92EE06927B017CB00B7DD59 /* CheckPrescriptionFlowDelegate.swift in Sources */ = {isa = PBXBuildFile; fileRef = A92EE06827B017CB00B7DD59 /* CheckPrescriptionFlowDelegate.swift */; };
		A92EE06B27B018E700B7DD59 /* CheckPrescriptionViewModel.swift in Sources */ = {isa = PBXBuildFile; fileRef = A92EE06A27B018E700B7DD59 /* CheckPrescriptionViewModel.swift */; };
		A92EE06D27B018FA00B7DD59 /* CheckPrescriptionViewModelProtocol.swift in Sources */ = {isa = PBXBuildFile; fileRef = A92EE06C27B018FA00B7DD59 /* CheckPrescriptionViewModelProtocol.swift */; };
		A92EE07027B01D4A00B7DD59 /* CustomCell.swift in Sources */ = {isa = PBXBuildFile; fileRef = A92EE06F27B01D4A00B7DD59 /* CustomCell.swift */; };
		A92EE07427B0571600B7DD59 /* PaddingLabel.swift in Sources */ = {isa = PBXBuildFile; fileRef = A92EE07327B0571600B7DD59 /* PaddingLabel.swift */; };
		A9B17BF827ACA37000D2C838 /* AppDelegate.swift in Sources */ = {isa = PBXBuildFile; fileRef = A9B17BF727ACA37000D2C838 /* AppDelegate.swift */; };
		A9B17BFE27ACA37200D2C838 /* Assets.xcassets in Resources */ = {isa = PBXBuildFile; fileRef = A9B17BFD27ACA37200D2C838 /* Assets.xcassets */; };
		A9B17C1127ACAACA00D2C838 /* IntroScreenView.swift in Sources */ = {isa = PBXBuildFile; fileRef = A9B17C1027ACAACA00D2C838 /* IntroScreenView.swift */; };
		A9B17C1427ACAE0300D2C838 /* UIImage+Ext.swift in Sources */ = {isa = PBXBuildFile; fileRef = A9B17C1327ACAE0300D2C838 /* UIImage+Ext.swift */; };
		A9B17C1627ACAE8A00D2C838 /* IntroScreenViewProtocol.swift in Sources */ = {isa = PBXBuildFile; fileRef = A9B17C1527ACAE8A00D2C838 /* IntroScreenViewProtocol.swift */; };
		A9B17C1927ACAF4500D2C838 /* IntroScreenViewController.swift in Sources */ = {isa = PBXBuildFile; fileRef = A9B17C1827ACAF4500D2C838 /* IntroScreenViewController.swift */; };
		A9B17C1B27ACAFDA00D2C838 /* IntroScreenViewControlerProtocol.swift in Sources */ = {isa = PBXBuildFile; fileRef = A9B17C1A27ACAFDA00D2C838 /* IntroScreenViewControlerProtocol.swift */; };
		A9B17C1D27ACB0A600D2C838 /* IntroScreenFlowDelegate.swift in Sources */ = {isa = PBXBuildFile; fileRef = A9B17C1C27ACB0A600D2C838 /* IntroScreenFlowDelegate.swift */; };
		A9B17C2027ACB44400D2C838 /* ViewControllerFactory.swift in Sources */ = {isa = PBXBuildFile; fileRef = A9B17C1F27ACB44400D2C838 /* ViewControllerFactory.swift */; };
		A9B17C2227ACB60A00D2C838 /* ViewControllerFactoryProtocol.swift in Sources */ = {isa = PBXBuildFile; fileRef = A9B17C2127ACB60A00D2C838 /* ViewControllerFactoryProtocol.swift */; };
		A9B17C2727AD449C00D2C838 /* UIView+Ext.swift in Sources */ = {isa = PBXBuildFile; fileRef = A9B17C2627AD449C00D2C838 /* UIView+Ext.swift */; };
		A9B17C2927AD4BC700D2C838 /* Localizable.strings in Resources */ = {isa = PBXBuildFile; fileRef = A9B17C2827AD4BC700D2C838 /* Localizable.strings */; };
		A9B17C2B27AD4D3F00D2C838 /* String+Ext.swift in Sources */ = {isa = PBXBuildFile; fileRef = A9B17C2A27AD4D3F00D2C838 /* String+Ext.swift */; };
		A9B17C2F27AD54BE00D2C838 /* UIImage+ImageSources.swift in Sources */ = {isa = PBXBuildFile; fileRef = A9B17C2E27AD54BE00D2C838 /* UIImage+ImageSources.swift */; };
		A9B17C5227AD5D7A00D2C838 /* Metrics.swift in Sources */ = {isa = PBXBuildFile; fileRef = A9B17C5127AD5D7A00D2C838 /* Metrics.swift */; };
		A9B17C5427AD851000D2C838 /* UIColor+Ext .swift in Sources */ = {isa = PBXBuildFile; fileRef = A9B17C5327AD851000D2C838 /* UIColor+Ext .swift */; };
		A9B17C5627AD853D00D2C838 /* Colors.swift in Sources */ = {isa = PBXBuildFile; fileRef = A9B17C5527AD853D00D2C838 /* Colors.swift */; };
		A9B17C5827ADC81800D2C838 /* MedicineReminderFlowController.swift in Sources */ = {isa = PBXBuildFile; fileRef = A9B17C5727ADC81800D2C838 /* MedicineReminderFlowController.swift */; };
		A9B17C5D27ADE23100D2C838 /* NewPrescriptionViewController.swift in Sources */ = {isa = PBXBuildFile; fileRef = A9B17C5C27ADE23100D2C838 /* NewPrescriptionViewController.swift */; };
		A9B17C5F27ADE24900D2C838 /* NewPrescriptionViewControllerProtocol.swift in Sources */ = {isa = PBXBuildFile; fileRef = A9B17C5E27ADE24900D2C838 /* NewPrescriptionViewControllerProtocol.swift */; };
		A9B17C6127ADE26400D2C838 /* NewPrescriptionFlowDelegate.swift in Sources */ = {isa = PBXBuildFile; fileRef = A9B17C6027ADE26400D2C838 /* NewPrescriptionFlowDelegate.swift */; };
		A9B17C6327ADE27500D2C838 /* NewPrescriptionView.swift in Sources */ = {isa = PBXBuildFile; fileRef = A9B17C6227ADE27500D2C838 /* NewPrescriptionView.swift */; };
		A9B17C6527ADE28200D2C838 /* NewPrescriptionViewProtocol.swift in Sources */ = {isa = PBXBuildFile; fileRef = A9B17C6427ADE28200D2C838 /* NewPrescriptionViewProtocol.swift */; };
		A9B17C6727ADE29000D2C838 /* NewPrescriptionViewModel.swift in Sources */ = {isa = PBXBuildFile; fileRef = A9B17C6627ADE29000D2C838 /* NewPrescriptionViewModel.swift */; };
		A9B17C6927ADE2AA00D2C838 /* NewPrescriptionViewModelProtocol.swift in Sources */ = {isa = PBXBuildFile; fileRef = A9B17C6827ADE2AA00D2C838 /* NewPrescriptionViewModelProtocol.swift */; };
		A9B17C6C27ADE53F00D2C838 /* ViewModelFactory.swift in Sources */ = {isa = PBXBuildFile; fileRef = A9B17C6B27ADE53F00D2C838 /* ViewModelFactory.swift */; };
		A9B17C6E27ADE54700D2C838 /* ViewModelFactoryProtocol.swift in Sources */ = {isa = PBXBuildFile; fileRef = A9B17C6D27ADE54700D2C838 /* ViewModelFactoryProtocol.swift */; };
/* End PBXBuildFile section */

/* Begin PBXFileReference section */
		A92EE05027AF49E700B7DD59 /* UITextField+Ext.swift */ = {isa = PBXFileReference; lastKnownFileType = sourcecode.swift; path = "UITextField+Ext.swift"; sourceTree = "<group>"; };
		A92EE05627AF6CC000B7DD59 /* Prescription.swift */ = {isa = PBXFileReference; lastKnownFileType = sourcecode.swift; path = Prescription.swift; sourceTree = "<group>"; };
		A92EE05827AF6DA300B7DD59 /* DBHelper.swift */ = {isa = PBXFileReference; lastKnownFileType = sourcecode.swift; path = DBHelper.swift; sourceTree = "<group>"; };
		A92EE05D27AF762600B7DD59 /* CheckPrescriptionsView.swift */ = {isa = PBXFileReference; lastKnownFileType = sourcecode.swift; path = CheckPrescriptionsView.swift; sourceTree = "<group>"; };
		A92EE06227B010B200B7DD59 /* CheckPrescriptionsViewController.swift */ = {isa = PBXFileReference; lastKnownFileType = sourcecode.swift; path = CheckPrescriptionsViewController.swift; sourceTree = "<group>"; };
		A92EE06427B010E000B7DD59 /* CheckPrescriptionsViewProtocol.swift */ = {isa = PBXFileReference; lastKnownFileType = sourcecode.swift; path = CheckPrescriptionsViewProtocol.swift; sourceTree = "<group>"; };
		A92EE06627B0177800B7DD59 /* CheckPrescriptionsViewControllerProtocol.swift */ = {isa = PBXFileReference; lastKnownFileType = sourcecode.swift; path = CheckPrescriptionsViewControllerProtocol.swift; sourceTree = "<group>"; };
		A92EE06827B017CB00B7DD59 /* CheckPrescriptionFlowDelegate.swift */ = {isa = PBXFileReference; lastKnownFileType = sourcecode.swift; path = CheckPrescriptionFlowDelegate.swift; sourceTree = "<group>"; };
		A92EE06A27B018E700B7DD59 /* CheckPrescriptionViewModel.swift */ = {isa = PBXFileReference; lastKnownFileType = sourcecode.swift; path = CheckPrescriptionViewModel.swift; sourceTree = "<group>"; };
		A92EE06C27B018FA00B7DD59 /* CheckPrescriptionViewModelProtocol.swift */ = {isa = PBXFileReference; lastKnownFileType = sourcecode.swift; path = CheckPrescriptionViewModelProtocol.swift; sourceTree = "<group>"; };
		A92EE06F27B01D4A00B7DD59 /* CustomCell.swift */ = {isa = PBXFileReference; lastKnownFileType = sourcecode.swift; path = CustomCell.swift; sourceTree = "<group>"; };
		A92EE07327B0571600B7DD59 /* PaddingLabel.swift */ = {isa = PBXFileReference; lastKnownFileType = sourcecode.swift; path = PaddingLabel.swift; sourceTree = "<group>"; };
		A9B17BF427ACA37000D2C838 /* MedicineReminder.app */ = {isa = PBXFileReference; explicitFileType = wrapper.application; includeInIndex = 0; path = MedicineReminder.app; sourceTree = BUILT_PRODUCTS_DIR; };
		A9B17BF727ACA37000D2C838 /* AppDelegate.swift */ = {isa = PBXFileReference; lastKnownFileType = sourcecode.swift; path = AppDelegate.swift; sourceTree = "<group>"; };
		A9B17BFD27ACA37200D2C838 /* Assets.xcassets */ = {isa = PBXFileReference; lastKnownFileType = folder.assetcatalog; path = Assets.xcassets; sourceTree = "<group>"; };
		A9B17C0527ACA37200D2C838 /* Info.plist */ = {isa = PBXFileReference; lastKnownFileType = text.plist.xml; path = Info.plist; sourceTree = "<group>"; };
		A9B17C1027ACAACA00D2C838 /* IntroScreenView.swift */ = {isa = PBXFileReference; lastKnownFileType = sourcecode.swift; path = IntroScreenView.swift; sourceTree = "<group>"; };
		A9B17C1327ACAE0300D2C838 /* UIImage+Ext.swift */ = {isa = PBXFileReference; lastKnownFileType = sourcecode.swift; path = "UIImage+Ext.swift"; sourceTree = "<group>"; };
		A9B17C1527ACAE8A00D2C838 /* IntroScreenViewProtocol.swift */ = {isa = PBXFileReference; lastKnownFileType = sourcecode.swift; path = IntroScreenViewProtocol.swift; sourceTree = "<group>"; };
		A9B17C1827ACAF4500D2C838 /* IntroScreenViewController.swift */ = {isa = PBXFileReference; lastKnownFileType = sourcecode.swift; path = IntroScreenViewController.swift; sourceTree = "<group>"; };
		A9B17C1A27ACAFDA00D2C838 /* IntroScreenViewControlerProtocol.swift */ = {isa = PBXFileReference; lastKnownFileType = sourcecode.swift; path = IntroScreenViewControlerProtocol.swift; sourceTree = "<group>"; };
		A9B17C1C27ACB0A600D2C838 /* IntroScreenFlowDelegate.swift */ = {isa = PBXFileReference; lastKnownFileType = sourcecode.swift; path = IntroScreenFlowDelegate.swift; sourceTree = "<group>"; };
		A9B17C1F27ACB44400D2C838 /* ViewControllerFactory.swift */ = {isa = PBXFileReference; lastKnownFileType = sourcecode.swift; path = ViewControllerFactory.swift; sourceTree = "<group>"; };
		A9B17C2127ACB60A00D2C838 /* ViewControllerFactoryProtocol.swift */ = {isa = PBXFileReference; lastKnownFileType = sourcecode.swift; path = ViewControllerFactoryProtocol.swift; sourceTree = "<group>"; };
		A9B17C2627AD449C00D2C838 /* UIView+Ext.swift */ = {isa = PBXFileReference; lastKnownFileType = sourcecode.swift; path = "UIView+Ext.swift"; sourceTree = "<group>"; };
		A9B17C2827AD4BC700D2C838 /* Localizable.strings */ = {isa = PBXFileReference; lastKnownFileType = text.plist.strings; path = Localizable.strings; sourceTree = "<group>"; };
		A9B17C2A27AD4D3F00D2C838 /* String+Ext.swift */ = {isa = PBXFileReference; lastKnownFileType = sourcecode.swift; path = "String+Ext.swift"; sourceTree = "<group>"; };
		A9B17C2E27AD54BE00D2C838 /* UIImage+ImageSources.swift */ = {isa = PBXFileReference; lastKnownFileType = sourcecode.swift; path = "UIImage+ImageSources.swift"; sourceTree = "<group>"; };
		A9B17C5127AD5D7A00D2C838 /* Metrics.swift */ = {isa = PBXFileReference; lastKnownFileType = sourcecode.swift; path = Metrics.swift; sourceTree = "<group>"; };
		A9B17C5327AD851000D2C838 /* UIColor+Ext .swift */ = {isa = PBXFileReference; lastKnownFileType = sourcecode.swift; path = "UIColor+Ext .swift"; sourceTree = "<group>"; };
		A9B17C5527AD853D00D2C838 /* Colors.swift */ = {isa = PBXFileReference; lastKnownFileType = sourcecode.swift; path = Colors.swift; sourceTree = "<group>"; };
		A9B17C5727ADC81800D2C838 /* MedicineReminderFlowController.swift */ = {isa = PBXFileReference; lastKnownFileType = sourcecode.swift; path = MedicineReminderFlowController.swift; sourceTree = "<group>"; };
		A9B17C5C27ADE23100D2C838 /* NewPrescriptionViewController.swift */ = {isa = PBXFileReference; lastKnownFileType = sourcecode.swift; path = NewPrescriptionViewController.swift; sourceTree = "<group>"; };
		A9B17C5E27ADE24900D2C838 /* NewPrescriptionViewControllerProtocol.swift */ = {isa = PBXFileReference; lastKnownFileType = sourcecode.swift; path = NewPrescriptionViewControllerProtocol.swift; sourceTree = "<group>"; };
		A9B17C6027ADE26400D2C838 /* NewPrescriptionFlowDelegate.swift */ = {isa = PBXFileReference; lastKnownFileType = sourcecode.swift; path = NewPrescriptionFlowDelegate.swift; sourceTree = "<group>"; };
		A9B17C6227ADE27500D2C838 /* NewPrescriptionView.swift */ = {isa = PBXFileReference; lastKnownFileType = sourcecode.swift; path = NewPrescriptionView.swift; sourceTree = "<group>"; };
		A9B17C6427ADE28200D2C838 /* NewPrescriptionViewProtocol.swift */ = {isa = PBXFileReference; lastKnownFileType = sourcecode.swift; path = NewPrescriptionViewProtocol.swift; sourceTree = "<group>"; };
		A9B17C6627ADE29000D2C838 /* NewPrescriptionViewModel.swift */ = {isa = PBXFileReference; lastKnownFileType = sourcecode.swift; path = NewPrescriptionViewModel.swift; sourceTree = "<group>"; };
		A9B17C6827ADE2AA00D2C838 /* NewPrescriptionViewModelProtocol.swift */ = {isa = PBXFileReference; lastKnownFileType = sourcecode.swift; path = NewPrescriptionViewModelProtocol.swift; sourceTree = "<group>"; };
		A9B17C6B27ADE53F00D2C838 /* ViewModelFactory.swift */ = {isa = PBXFileReference; lastKnownFileType = sourcecode.swift; path = ViewModelFactory.swift; sourceTree = "<group>"; };
		A9B17C6D27ADE54700D2C838 /* ViewModelFactoryProtocol.swift */ = {isa = PBXFileReference; lastKnownFileType = sourcecode.swift; path = ViewModelFactoryProtocol.swift; sourceTree = "<group>"; };
/* End PBXFileReference section */

/* Begin PBXFrameworksBuildPhase section */
		A9B17BF127ACA37000D2C838 /* Frameworks */ = {
			isa = PBXFrameworksBuildPhase;
			buildActionMask = 2147483647;
			files = (
			);
			runOnlyForDeploymentPostprocessing = 0;
		};
/* End PBXFrameworksBuildPhase section */

/* Begin PBXGroup section */
		A92EE05227AF6C2F00B7DD59 /* SQLite */ = {
			isa = PBXGroup;
			children = (
				A92EE05827AF6DA300B7DD59 /* DBHelper.swift */,
			);
			path = SQLite;
			sourceTree = "<group>";
		};
		A92EE05527AF6CB200B7DD59 /* Models */ = {
			isa = PBXGroup;
			children = (
				A92EE05627AF6CC000B7DD59 /* Prescription.swift */,
			);
			path = Models;
			sourceTree = "<group>";
		};
		A92EE05A27AF75F400B7DD59 /* CheckPrescriptions */ = {
			isa = PBXGroup;
			children = (
				A92EE06E27B01D3E00B7DD59 /* CustomCell */,
				A92EE05C27AF760D00B7DD59 /* ViewModel */,
				A92EE05B27AF760600B7DD59 /* View */,
				A92EE06227B010B200B7DD59 /* CheckPrescriptionsViewController.swift */,
				A92EE06627B0177800B7DD59 /* CheckPrescriptionsViewControllerProtocol.swift */,
				A92EE06827B017CB00B7DD59 /* CheckPrescriptionFlowDelegate.swift */,
			);
			path = CheckPrescriptions;
			sourceTree = "<group>";
		};
		A92EE05B27AF760600B7DD59 /* View */ = {
			isa = PBXGroup;
			children = (
				A92EE05D27AF762600B7DD59 /* CheckPrescriptionsView.swift */,
				A92EE06427B010E000B7DD59 /* CheckPrescriptionsViewProtocol.swift */,
			);
			path = View;
			sourceTree = "<group>";
		};
		A92EE05C27AF760D00B7DD59 /* ViewModel */ = {
			isa = PBXGroup;
			children = (
				A92EE06A27B018E700B7DD59 /* CheckPrescriptionViewModel.swift */,
				A92EE06C27B018FA00B7DD59 /* CheckPrescriptionViewModelProtocol.swift */,
			);
			path = ViewModel;
			sourceTree = "<group>";
		};
		A92EE06E27B01D3E00B7DD59 /* CustomCell */ = {
			isa = PBXGroup;
			children = (
				A92EE06F27B01D4A00B7DD59 /* CustomCell.swift */,
			);
			path = CustomCell;
			sourceTree = "<group>";
		};
		A9B17BEB27ACA37000D2C838 = {
			isa = PBXGroup;
			children = (
				A9B17BF627ACA37000D2C838 /* MedicineReminder */,
				A9B17BF527ACA37000D2C838 /* Products */,
			);
			sourceTree = "<group>";
		};
		A9B17BF527ACA37000D2C838 /* Products */ = {
			isa = PBXGroup;
			children = (
				A9B17BF427ACA37000D2C838 /* MedicineReminder.app */,
			);
			name = Products;
			sourceTree = "<group>";
		};
		A9B17BF627ACA37000D2C838 /* MedicineReminder */ = {
			isa = PBXGroup;
			children = (
				A9B17C0C27ACA80700D2C838 /* Resource */,
				A9B17C0B27ACA7FF00D2C838 /* Source */,
				A9B17C0527ACA37200D2C838 /* Info.plist */,
			);
			path = MedicineReminder;
			sourceTree = "<group>";
		};
		A9B17C0B27ACA7FF00D2C838 /* Source */ = {
			isa = PBXGroup;
			children = (
				A92EE05527AF6CB200B7DD59 /* Models */,
				A92EE05227AF6C2F00B7DD59 /* SQLite */,
				A9B17C5027AD5D7000D2C838 /* Commons */,
				A9B17C1E27ACB43000D2C838 /* DependencyInjection */,
				A9B17C1227ACADEB00D2C838 /* Extensions */,
				A9B17C0E27ACA86500D2C838 /* Feature */,
				A9B17BF727ACA37000D2C838 /* AppDelegate.swift */,
				A9B17C5727ADC81800D2C838 /* MedicineReminderFlowController.swift */,
			);
			path = Source;
			sourceTree = "<group>";
		};
		A9B17C0C27ACA80700D2C838 /* Resource */ = {
			isa = PBXGroup;
			children = (
				A9B17BFD27ACA37200D2C838 /* Assets.xcassets */,
				A9B17C2827AD4BC700D2C838 /* Localizable.strings */,
				A9B17C2E27AD54BE00D2C838 /* UIImage+ImageSources.swift */,
			);
			path = Resource;
			sourceTree = "<group>";
		};
		A9B17C0E27ACA86500D2C838 /* Feature */ = {
			isa = PBXGroup;
			children = (
				A92EE05A27AF75F400B7DD59 /* CheckPrescriptions */,
				A9B17C5927ADE20900D2C838 /* NewPrescription */,
				A9B17C0F27ACA87000D2C838 /* IntroScreen */,
			);
			path = Feature;
			sourceTree = "<group>";
		};
		A9B17C0F27ACA87000D2C838 /* IntroScreen */ = {
			isa = PBXGroup;
			children = (
				A9B17C1C27ACB0A600D2C838 /* IntroScreenFlowDelegate.swift */,
				A9B17C1827ACAF4500D2C838 /* IntroScreenViewController.swift */,
				A9B17C1A27ACAFDA00D2C838 /* IntroScreenViewControlerProtocol.swift */,
				A9B17C1727ACAF3200D2C838 /* View */,
			);
			path = IntroScreen;
			sourceTree = "<group>";
		};
		A9B17C1227ACADEB00D2C838 /* Extensions */ = {
			isa = PBXGroup;
			children = (
				A9B17C1327ACAE0300D2C838 /* UIImage+Ext.swift */,
				A9B17C2627AD449C00D2C838 /* UIView+Ext.swift */,
				A9B17C2A27AD4D3F00D2C838 /* String+Ext.swift */,
				A9B17C5327AD851000D2C838 /* UIColor+Ext .swift */,
				A92EE05027AF49E700B7DD59 /* UITextField+Ext.swift */,
				A92EE07327B0571600B7DD59 /* PaddingLabel.swift */,
			);
			path = Extensions;
			sourceTree = "<group>";
		};
		A9B17C1727ACAF3200D2C838 /* View */ = {
			isa = PBXGroup;
			children = (
				A9B17C1527ACAE8A00D2C838 /* IntroScreenViewProtocol.swift */,
				A9B17C1027ACAACA00D2C838 /* IntroScreenView.swift */,
			);
			path = View;
			sourceTree = "<group>";
		};
		A9B17C1E27ACB43000D2C838 /* DependencyInjection */ = {
			isa = PBXGroup;
			children = (
				A9B17C6A27ADE52B00D2C838 /* ViewModel */,
				A9B17C2527AD2B4600D2C838 /* ViewController */,
			);
			path = DependencyInjection;
			sourceTree = "<group>";
		};
		A9B17C2527AD2B4600D2C838 /* ViewController */ = {
			isa = PBXGroup;
			children = (
				A9B17C2127ACB60A00D2C838 /* ViewControllerFactoryProtocol.swift */,
				A9B17C1F27ACB44400D2C838 /* ViewControllerFactory.swift */,
			);
			path = ViewController;
			sourceTree = "<group>";
		};
		A9B17C5027AD5D7000D2C838 /* Commons */ = {
			isa = PBXGroup;
			children = (
				A9B17C5127AD5D7A00D2C838 /* Metrics.swift */,
				A9B17C5527AD853D00D2C838 /* Colors.swift */,
			);
			path = Commons;
			sourceTree = "<group>";
		};
		A9B17C5927ADE20900D2C838 /* NewPrescription */ = {
			isa = PBXGroup;
			children = (
				A9B17C5B27ADE21C00D2C838 /* ViewModel */,
				A9B17C5A27ADE21700D2C838 /* View */,
				A9B17C5C27ADE23100D2C838 /* NewPrescriptionViewController.swift */,
				A9B17C5E27ADE24900D2C838 /* NewPrescriptionViewControllerProtocol.swift */,
				A9B17C6027ADE26400D2C838 /* NewPrescriptionFlowDelegate.swift */,
			);
			path = NewPrescription;
			sourceTree = "<group>";
		};
		A9B17C5A27ADE21700D2C838 /* View */ = {
			isa = PBXGroup;
			children = (
				A9B17C6227ADE27500D2C838 /* NewPrescriptionView.swift */,
				A9B17C6427ADE28200D2C838 /* NewPrescriptionViewProtocol.swift */,
			);
			path = View;
			sourceTree = "<group>";
		};
		A9B17C5B27ADE21C00D2C838 /* ViewModel */ = {
			isa = PBXGroup;
			children = (
				A9B17C6627ADE29000D2C838 /* NewPrescriptionViewModel.swift */,
				A9B17C6827ADE2AA00D2C838 /* NewPrescriptionViewModelProtocol.swift */,
			);
			path = ViewModel;
			sourceTree = "<group>";
		};
		A9B17C6A27ADE52B00D2C838 /* ViewModel */ = {
			isa = PBXGroup;
			children = (
				A9B17C6B27ADE53F00D2C838 /* ViewModelFactory.swift */,
				A9B17C6D27ADE54700D2C838 /* ViewModelFactoryProtocol.swift */,
			);
			path = ViewModel;
			sourceTree = "<group>";
		};
/* End PBXGroup section */

/* Begin PBXNativeTarget section */
		A9B17BF327ACA37000D2C838 /* MedicineReminder */ = {
			isa = PBXNativeTarget;
			buildConfigurationList = A9B17C0827ACA37200D2C838 /* Build configuration list for PBXNativeTarget "MedicineReminder" */;
			buildPhases = (
				A9B17BF027ACA37000D2C838 /* Sources */,
				A9B17BF127ACA37000D2C838 /* Frameworks */,
				A9B17BF227ACA37000D2C838 /* Resources */,
			);
			buildRules = (
			);
			dependencies = (
			);
			name = MedicineReminder;
			productName = MedicineReminder;
			productReference = A9B17BF427ACA37000D2C838 /* MedicineReminder.app */;
			productType = "com.apple.product-type.application";
		};
/* End PBXNativeTarget section */

/* Begin PBXProject section */
		A9B17BEC27ACA37000D2C838 /* Project object */ = {
			isa = PBXProject;
			attributes = {
				LastSwiftUpdateCheck = 1250;
				LastUpgradeCheck = 1250;
				TargetAttributes = {
					A9B17BF327ACA37000D2C838 = {
						CreatedOnToolsVersion = 12.5.1;
					};
				};
			};
			buildConfigurationList = A9B17BEF27ACA37000D2C838 /* Build configuration list for PBXProject "MedicineReminder" */;
			compatibilityVersion = "Xcode 9.3";
			developmentRegion = en;
			hasScannedForEncodings = 0;
			knownRegions = (
				en,
				Base,
			);
			mainGroup = A9B17BEB27ACA37000D2C838;
			productRefGroup = A9B17BF527ACA37000D2C838 /* Products */;
			projectDirPath = "";
			projectRoot = "";
			targets = (
				A9B17BF327ACA37000D2C838 /* MedicineReminder */,
			);
		};
/* End PBXProject section */

/* Begin PBXResourcesBuildPhase section */
		A9B17BF227ACA37000D2C838 /* Resources */ = {
			isa = PBXResourcesBuildPhase;
			buildActionMask = 2147483647;
			files = (
				A9B17BFE27ACA37200D2C838 /* Assets.xcassets in Resources */,
				A9B17C2927AD4BC700D2C838 /* Localizable.strings in Resources */,
			);
			runOnlyForDeploymentPostprocessing = 0;
		};
/* End PBXResourcesBuildPhase section */

/* Begin PBXSourcesBuildPhase section */
		A9B17BF027ACA37000D2C838 /* Sources */ = {
			isa = PBXSourcesBuildPhase;
			buildActionMask = 2147483647;
			files = (
				A9B17C1D27ACB0A600D2C838 /* IntroScreenFlowDelegate.swift in Sources */,
				A92EE05E27AF762600B7DD59 /* CheckPrescriptionsView.swift in Sources */,
				A9B17C5D27ADE23100D2C838 /* NewPrescriptionViewController.swift in Sources */,
				A92EE06927B017CB00B7DD59 /* CheckPrescriptionFlowDelegate.swift in Sources */,
				A9B17C2727AD449C00D2C838 /* UIView+Ext.swift in Sources */,
				A92EE05727AF6CC000B7DD59 /* Prescription.swift in Sources */,
				A9B17C6327ADE27500D2C838 /* NewPrescriptionView.swift in Sources */,
				A9B17C1B27ACAFDA00D2C838 /* IntroScreenViewControlerProtocol.swift in Sources */,
				A9B17C6727ADE29000D2C838 /* NewPrescriptionViewModel.swift in Sources */,
				A9B17C1627ACAE8A00D2C838 /* IntroScreenViewProtocol.swift in Sources */,
				A9B17C6927ADE2AA00D2C838 /* NewPrescriptionViewModelProtocol.swift in Sources */,
				A9B17C5427AD851000D2C838 /* UIColor+Ext .swift in Sources */,
				A9B17C2027ACB44400D2C838 /* ViewControllerFactory.swift in Sources */,
				A92EE06527B010E000B7DD59 /* CheckPrescriptionsViewProtocol.swift in Sources */,
				A92EE06727B0177800B7DD59 /* CheckPrescriptionsViewControllerProtocol.swift in Sources */,
				A9B17C1127ACAACA00D2C838 /* IntroScreenView.swift in Sources */,
				A9B17C2B27AD4D3F00D2C838 /* String+Ext.swift in Sources */,
				A9B17C6527ADE28200D2C838 /* NewPrescriptionViewProtocol.swift in Sources */,
				A92EE05927AF6DA300B7DD59 /* DBHelper.swift in Sources */,
				A9B17C2F27AD54BE00D2C838 /* UIImage+ImageSources.swift in Sources */,
				A9B17C6E27ADE54700D2C838 /* ViewModelFactoryProtocol.swift in Sources */,
				A9B17C5627AD853D00D2C838 /* Colors.swift in Sources */,
				A92EE07027B01D4A00B7DD59 /* CustomCell.swift in Sources */,
				A9B17C2227ACB60A00D2C838 /* ViewControllerFactoryProtocol.swift in Sources */,
				A9B17C1427ACAE0300D2C838 /* UIImage+Ext.swift in Sources */,
				A92EE07427B0571600B7DD59 /* PaddingLabel.swift in Sources */,
				A9B17C5F27ADE24900D2C838 /* NewPrescriptionViewControllerProtocol.swift in Sources */,
				A92EE05127AF49E700B7DD59 /* UITextField+Ext.swift in Sources */,
				A92EE06B27B018E700B7DD59 /* CheckPrescriptionViewModel.swift in Sources */,
				A92EE06327B010B200B7DD59 /* CheckPrescriptionsViewController.swift in Sources */,
				A9B17BF827ACA37000D2C838 /* AppDelegate.swift in Sources */,
				A9B17C5227AD5D7A00D2C838 /* Metrics.swift in Sources */,
				A9B17C6127ADE26400D2C838 /* NewPrescriptionFlowDelegate.swift in Sources */,
				A9B17C6C27ADE53F00D2C838 /* ViewModelFactory.swift in Sources */,
				A9B17C1927ACAF4500D2C838 /* IntroScreenViewController.swift in Sources */,
				A9B17C5827ADC81800D2C838 /* MedicineReminderFlowController.swift in Sources */,
				A92EE06D27B018FA00B7DD59 /* CheckPrescriptionViewModelProtocol.swift in Sources */,
			);
			runOnlyForDeploymentPostprocessing = 0;
		};
/* End PBXSourcesBuildPhase section */

/* Begin XCBuildConfiguration section */
		A9B17C0627ACA37200D2C838 /* Debug */ = {
			isa = XCBuildConfiguration;
			buildSettings = {
				ALWAYS_SEARCH_USER_PATHS = NO;
				CLANG_ANALYZER_NONNULL = YES;
				CLANG_ANALYZER_NUMBER_OBJECT_CONVERSION = YES_AGGRESSIVE;
				CLANG_CXX_LANGUAGE_STANDARD = "gnu++14";
				CLANG_CXX_LIBRARY = "libc++";
				CLANG_ENABLE_MODULES = YES;
				CLANG_ENABLE_OBJC_ARC = YES;
				CLANG_ENABLE_OBJC_WEAK = YES;
				CLANG_WARN_BLOCK_CAPTURE_AUTORELEASING = YES;
				CLANG_WARN_BOOL_CONVERSION = YES;
				CLANG_WARN_COMMA = YES;
				CLANG_WARN_CONSTANT_CONVERSION = YES;
				CLANG_WARN_DEPRECATED_OBJC_IMPLEMENTATIONS = YES;
				CLANG_WARN_DIRECT_OBJC_ISA_USAGE = YES_ERROR;
				CLANG_WARN_DOCUMENTATION_COMMENTS = YES;
				CLANG_WARN_EMPTY_BODY = YES;
				CLANG_WARN_ENUM_CONVERSION = YES;
				CLANG_WARN_INFINITE_RECURSION = YES;
				CLANG_WARN_INT_CONVERSION = YES;
				CLANG_WARN_NON_LITERAL_NULL_CONVERSION = YES;
				CLANG_WARN_OBJC_IMPLICIT_RETAIN_SELF = YES;
				CLANG_WARN_OBJC_LITERAL_CONVERSION = YES;
				CLANG_WARN_OBJC_ROOT_CLASS = YES_ERROR;
				CLANG_WARN_QUOTED_INCLUDE_IN_FRAMEWORK_HEADER = YES;
				CLANG_WARN_RANGE_LOOP_ANALYSIS = YES;
				CLANG_WARN_STRICT_PROTOTYPES = YES;
				CLANG_WARN_SUSPICIOUS_MOVE = YES;
				CLANG_WARN_UNGUARDED_AVAILABILITY = YES_AGGRESSIVE;
				CLANG_WARN_UNREACHABLE_CODE = YES;
				CLANG_WARN__DUPLICATE_METHOD_MATCH = YES;
				COPY_PHASE_STRIP = NO;
				DEBUG_INFORMATION_FORMAT = dwarf;
				ENABLE_STRICT_OBJC_MSGSEND = YES;
				ENABLE_TESTABILITY = YES;
				GCC_C_LANGUAGE_STANDARD = gnu11;
				GCC_DYNAMIC_NO_PIC = NO;
				GCC_NO_COMMON_BLOCKS = YES;
				GCC_OPTIMIZATION_LEVEL = 0;
				GCC_PREPROCESSOR_DEFINITIONS = (
					"DEBUG=1",
					"$(inherited)",
				);
				GCC_WARN_64_TO_32_BIT_CONVERSION = YES;
				GCC_WARN_ABOUT_RETURN_TYPE = YES_ERROR;
				GCC_WARN_UNDECLARED_SELECTOR = YES;
				GCC_WARN_UNINITIALIZED_AUTOS = YES_AGGRESSIVE;
				GCC_WARN_UNUSED_FUNCTION = YES;
				GCC_WARN_UNUSED_VARIABLE = YES;
				IPHONEOS_DEPLOYMENT_TARGET = 14.5;
				MTL_ENABLE_DEBUG_INFO = INCLUDE_SOURCE;
				MTL_FAST_MATH = YES;
				ONLY_ACTIVE_ARCH = YES;
				SDKROOT = iphoneos;
				SWIFT_ACTIVE_COMPILATION_CONDITIONS = DEBUG;
				SWIFT_OPTIMIZATION_LEVEL = "-Onone";
			};
			name = Debug;
		};
		A9B17C0727ACA37200D2C838 /* Release */ = {
			isa = XCBuildConfiguration;
			buildSettings = {
				ALWAYS_SEARCH_USER_PATHS = NO;
				CLANG_ANALYZER_NONNULL = YES;
				CLANG_ANALYZER_NUMBER_OBJECT_CONVERSION = YES_AGGRESSIVE;
				CLANG_CXX_LANGUAGE_STANDARD = "gnu++14";
				CLANG_CXX_LIBRARY = "libc++";
				CLANG_ENABLE_MODULES = YES;
				CLANG_ENABLE_OBJC_ARC = YES;
				CLANG_ENABLE_OBJC_WEAK = YES;
				CLANG_WARN_BLOCK_CAPTURE_AUTORELEASING = YES;
				CLANG_WARN_BOOL_CONVERSION = YES;
				CLANG_WARN_COMMA = YES;
				CLANG_WARN_CONSTANT_CONVERSION = YES;
				CLANG_WARN_DEPRECATED_OBJC_IMPLEMENTATIONS = YES;
				CLANG_WARN_DIRECT_OBJC_ISA_USAGE = YES_ERROR;
				CLANG_WARN_DOCUMENTATION_COMMENTS = YES;
				CLANG_WARN_EMPTY_BODY = YES;
				CLANG_WARN_ENUM_CONVERSION = YES;
				CLANG_WARN_INFINITE_RECURSION = YES;
				CLANG_WARN_INT_CONVERSION = YES;
				CLANG_WARN_NON_LITERAL_NULL_CONVERSION = YES;
				CLANG_WARN_OBJC_IMPLICIT_RETAIN_SELF = YES;
				CLANG_WARN_OBJC_LITERAL_CONVERSION = YES;
				CLANG_WARN_OBJC_ROOT_CLASS = YES_ERROR;
				CLANG_WARN_QUOTED_INCLUDE_IN_FRAMEWORK_HEADER = YES;
				CLANG_WARN_RANGE_LOOP_ANALYSIS = YES;
				CLANG_WARN_STRICT_PROTOTYPES = YES;
				CLANG_WARN_SUSPICIOUS_MOVE = YES;
				CLANG_WARN_UNGUARDED_AVAILABILITY = YES_AGGRESSIVE;
				CLANG_WARN_UNREACHABLE_CODE = YES;
				CLANG_WARN__DUPLICATE_METHOD_MATCH = YES;
				COPY_PHASE_STRIP = NO;
				DEBUG_INFORMATION_FORMAT = "dwarf-with-dsym";
				ENABLE_NS_ASSERTIONS = NO;
				ENABLE_STRICT_OBJC_MSGSEND = YES;
				GCC_C_LANGUAGE_STANDARD = gnu11;
				GCC_NO_COMMON_BLOCKS = YES;
				GCC_WARN_64_TO_32_BIT_CONVERSION = YES;
				GCC_WARN_ABOUT_RETURN_TYPE = YES_ERROR;
				GCC_WARN_UNDECLARED_SELECTOR = YES;
				GCC_WARN_UNINITIALIZED_AUTOS = YES_AGGRESSIVE;
				GCC_WARN_UNUSED_FUNCTION = YES;
				GCC_WARN_UNUSED_VARIABLE = YES;
				IPHONEOS_DEPLOYMENT_TARGET = 14.5;
				MTL_ENABLE_DEBUG_INFO = NO;
				MTL_FAST_MATH = YES;
				SDKROOT = iphoneos;
				SWIFT_COMPILATION_MODE = wholemodule;
				SWIFT_OPTIMIZATION_LEVEL = "-O";
				VALIDATE_PRODUCT = YES;
			};
			name = Release;
		};
		A9B17C0927ACA37200D2C838 /* Debug */ = {
			isa = XCBuildConfiguration;
			buildSettings = {
				ASSETCATALOG_COMPILER_APPICON_NAME = AppIcon;
				ASSETCATALOG_COMPILER_GLOBAL_ACCENT_COLOR_NAME = AccentColor;
				CODE_SIGN_STYLE = Automatic;
				DEVELOPMENT_TEAM = WNNJ4KX4AX;
				ENABLE_PREVIEWS = YES;
				INFOPLIST_FILE = MedicineReminder/Info.plist;
				LD_RUNPATH_SEARCH_PATHS = (
					"$(inherited)",
					"@executable_path/Frameworks",
				);
				PRODUCT_BUNDLE_IDENTIFIER = Abidu.MedicineReminder;
				PRODUCT_NAME = "$(TARGET_NAME)";
				SWIFT_VERSION = 5.0;
				TARGETED_DEVICE_FAMILY = "1,2";
			};
			name = Debug;
		};
		A9B17C0A27ACA37200D2C838 /* Release */ = {
			isa = XCBuildConfiguration;
			buildSettings = {
				ASSETCATALOG_COMPILER_APPICON_NAME = AppIcon;
				ASSETCATALOG_COMPILER_GLOBAL_ACCENT_COLOR_NAME = AccentColor;
				CODE_SIGN_STYLE = Automatic;
				DEVELOPMENT_TEAM = WNNJ4KX4AX;
				ENABLE_PREVIEWS = YES;
				INFOPLIST_FILE = MedicineReminder/Info.plist;
				LD_RUNPATH_SEARCH_PATHS = (
					"$(inherited)",
					"@executable_path/Frameworks",
				);
				PRODUCT_BUNDLE_IDENTIFIER = Abidu.MedicineReminder;
				PRODUCT_NAME = "$(TARGET_NAME)";
				SWIFT_VERSION = 5.0;
				TARGETED_DEVICE_FAMILY = "1,2";
			};
			name = Release;
		};
/* End XCBuildConfiguration section */

/* Begin XCConfigurationList section */
		A9B17BEF27ACA37000D2C838 /* Build configuration list for PBXProject "MedicineReminder" */ = {
			isa = XCConfigurationList;
			buildConfigurations = (
				A9B17C0627ACA37200D2C838 /* Debug */,
				A9B17C0727ACA37200D2C838 /* Release */,
			);
			defaultConfigurationIsVisible = 0;
			defaultConfigurationName = Release;
		};
		A9B17C0827ACA37200D2C838 /* Build configuration list for PBXNativeTarget "MedicineReminder" */ = {
			isa = XCConfigurationList;
			buildConfigurations = (
				A9B17C0927ACA37200D2C838 /* Debug */,
				A9B17C0A27ACA37200D2C838 /* Release */,
			);
			defaultConfigurationIsVisible = 0;
			defaultConfigurationName = Release;
		};
/* End XCConfigurationList section */
	};
	rootObject = A9B17BEC27ACA37000D2C838 /* Project object */;
}
